{
    "_meta": {
        "hash": {
            "sha256": "e179be6e1646aa68beba384d6a9ac70584a328991a5e59c0b5c2401717a4b3c5"
        },
        "pipfile-spec": 6,
        "requires": {
            "python_version": "3.7"
        },
        "sources": [
            {
                "name": "pypi",
                "url": "https://pypi.python.org/simple",
                "verify_ssl": true
            }
        ]
    },
    "default": {
        "django": {
            "hashes": [
                "sha256:65e2a548a52fca560cdd4e35f4fa1a79140f405af48950e59702a37e4227e958",
                "sha256:d4244e2c9653e1349b37ab0cdf108607ba9d1e41f71d0711ac71360e4026ce94"
            ],
            "index": "pypi",
            "version": "==2.1.10"
        },
        "django-health-check": {
            "hashes": [
                "sha256:3aa7319005673766c2897bfed743416589fa90dc146cc92b1cccdce09f834598",
                "sha256:805324b3a7275a087903928df4fc94759f131bc0ba7e5eb18806005c4a2a4f2f"
            ],
            "index": "pypi",
            "version": "==3.11.0"
        },
        "pytz": {
            "hashes": [
                "sha256:220f481bdafa09c3955dfbdddb7b57780e9a94f5127e35456a48589b9e0c0197",
                "sha256:cea221417204f2d1a2aa03ddae3e867921971d0d76f14d87abb4414415bbdcf5"
            ],
            "version": "==2022.2.1"
        }
    },
    "develop": {}
}
